
Microsoft Visual Studio Solution File, Format Version 12.00
# Visual Studio 15
VisualStudioVersion = 15.0.28307.329
MinimumVisualStudioVersion = 10.0.40219.1
Project("{FAE04EC0-301F-11D3-BF4B-00C04F79EFBC}") = "rational", "rational\rational.csproj", "{DC98A665-C424-4C5A-9591-D9E0841B14BA}"
EndProject
Global
	GlobalSection(SolutionConfigurationPlatforms) = preSolution
		Debug|Any CPU = Debug|Any CPU
		Release|Any CPU = Release|Any CPU
	EndGlobalSection
	GlobalSection(ProjectConfigurationPlatforms) = postSolution
		{DC98A665-C424-4C5A-9591-D9E0841B14BA}.Debug|Any CPU.ActiveCfg = Debug|Any CPU
		{DC98A665-C424-4C5A-9591-D9E0841B14BA}.Debug|Any CPU.Build.0 = Debug|Any CPU
		{DC98A665-C424-4C5A-9591-D9E0841B14BA}.Release|Any CPU.ActiveCfg = Release|Any CPU
		{DC98A665-C424-4C5A-9591-D9E0841B14BA}.Release|Any CPU.Build.0 = Release|Any CPU
	EndGlobalSection
	GlobalSection(SolutionProperties) = preSolution
		HideSolutionNode = FALSE
	EndGlobalSection
	GlobalSection(ExtensibilityGlobals) = postSolution
		SolutionGuid = {5F1DF0BF-6A63-4BF9-9539-2764C44A6495}
	EndGlobalSection
EndGlobal
