
Microsoft Visual Studio Solution File, Format Version 12.00
# Visual Studio Version 16
VisualStudioVersion = 16.0.28803.452
MinimumVisualStudioVersion = 10.0.40219.1
Project("{FAE04EC0-301F-11D3-BF4B-00C04F79EFBC}") = "BMICalcluator", "BMICalcluator\BMICalcluator.csproj", "{92924A4A-AEC7-463D-86A0-6C389764924D}"
EndProject
Global
	GlobalSection(SolutionConfigurationPlatforms) = preSolution
		Debug|Any CPU = Debug|Any CPU
		Release|Any CPU = Release|Any CPU
	EndGlobalSection
	GlobalSection(ProjectConfigurationPlatforms) = postSolution
		{92924A4A-AEC7-463D-86A0-6C389764924D}.Debug|Any CPU.ActiveCfg = Debug|Any CPU
		{92924A4A-AEC7-463D-86A0-6C389764924D}.Debug|Any CPU.Build.0 = Debug|Any CPU
		{92924A4A-AEC7-463D-86A0-6C389764924D}.Release|Any CPU.ActiveCfg = Release|Any CPU
		{92924A4A-AEC7-463D-86A0-6C389764924D}.Release|Any CPU.Build.0 = Release|Any CPU
	EndGlobalSection
	GlobalSection(SolutionProperties) = preSolution
		HideSolutionNode = FALSE
	EndGlobalSection
	GlobalSection(ExtensibilityGlobals) = postSolution
		SolutionGuid = {D667AB9C-6A0A-4B97-86E3-57190E6F8502}
	EndGlobalSection
EndGlobal
