
Microsoft Visual Studio Solution File, Format Version 12.00
# Visual Studio 15
VisualStudioVersion = 15.0.28010.2046
MinimumVisualStudioVersion = 10.0.40219.1
Project("{FAE04EC0-301F-11D3-BF4B-00C04F79EFBC}") = "SerializationDemo", "SerializationDemo\SerializationDemo.csproj", "{0712A42E-2E62-4805-92F0-2BE6DC4F79B0}"
EndProject
Project("{FAE04EC0-301F-11D3-BF4B-00C04F79EFBC}") = "AtomsDemo", "AtomsDemo\AtomsDemo.csproj", "{C1FFB6FA-E20B-48AA-B62B-652AECF86B6B}"
EndProject
Global
	GlobalSection(SolutionConfigurationPlatforms) = preSolution
		Debug|Any CPU = Debug|Any CPU
		Release|Any CPU = Release|Any CPU
	EndGlobalSection
	GlobalSection(ProjectConfigurationPlatforms) = postSolution
		{0712A42E-2E62-4805-92F0-2BE6DC4F79B0}.Debug|Any CPU.ActiveCfg = Debug|Any CPU
		{0712A42E-2E62-4805-92F0-2BE6DC4F79B0}.Debug|Any CPU.Build.0 = Debug|Any CPU
		{0712A42E-2E62-4805-92F0-2BE6DC4F79B0}.Release|Any CPU.ActiveCfg = Release|Any CPU
		{0712A42E-2E62-4805-92F0-2BE6DC4F79B0}.Release|Any CPU.Build.0 = Release|Any CPU
		{C1FFB6FA-E20B-48AA-B62B-652AECF86B6B}.Debug|Any CPU.ActiveCfg = Debug|Any CPU
		{C1FFB6FA-E20B-48AA-B62B-652AECF86B6B}.Debug|Any CPU.Build.0 = Debug|Any CPU
		{C1FFB6FA-E20B-48AA-B62B-652AECF86B6B}.Release|Any CPU.ActiveCfg = Release|Any CPU
		{C1FFB6FA-E20B-48AA-B62B-652AECF86B6B}.Release|Any CPU.Build.0 = Release|Any CPU
	EndGlobalSection
	GlobalSection(SolutionProperties) = preSolution
		HideSolutionNode = FALSE
	EndGlobalSection
	GlobalSection(ExtensibilityGlobals) = postSolution
		SolutionGuid = {3906439A-94B5-474B-9452-8ECDE280ABB9}
	EndGlobalSection
EndGlobal
