
Microsoft Visual Studio Solution File, Format Version 12.00
# Visual Studio 15
VisualStudioVersion = 15.0.28010.2046
MinimumVisualStudioVersion = 10.0.40219.1
Project("{FAE04EC0-301F-11D3-BF4B-00C04F79EFBC}") = "enumDemo1", "enumDemo1\enumDemo1.csproj", "{6E5BFB0D-5EC6-4205-9875-4247C1BB53B2}"
EndProject
Project("{FAE04EC0-301F-11D3-BF4B-00C04F79EFBC}") = "TimeDemo.cs", "TimeDemo.cs\TimeDemo.cs.csproj", "{2FDDD78D-3A8B-4E17-A053-65F47975751B}"
EndProject
Global
	GlobalSection(SolutionConfigurationPlatforms) = preSolution
		Debug|Any CPU = Debug|Any CPU
		Release|Any CPU = Release|Any CPU
	EndGlobalSection
	GlobalSection(ProjectConfigurationPlatforms) = postSolution
		{6E5BFB0D-5EC6-4205-9875-4247C1BB53B2}.Debug|Any CPU.ActiveCfg = Debug|Any CPU
		{6E5BFB0D-5EC6-4205-9875-4247C1BB53B2}.Debug|Any CPU.Build.0 = Debug|Any CPU
		{6E5BFB0D-5EC6-4205-9875-4247C1BB53B2}.Release|Any CPU.ActiveCfg = Release|Any CPU
		{6E5BFB0D-5EC6-4205-9875-4247C1BB53B2}.Release|Any CPU.Build.0 = Release|Any CPU
		{2FDDD78D-3A8B-4E17-A053-65F47975751B}.Debug|Any CPU.ActiveCfg = Debug|Any CPU
		{2FDDD78D-3A8B-4E17-A053-65F47975751B}.Debug|Any CPU.Build.0 = Debug|Any CPU
		{2FDDD78D-3A8B-4E17-A053-65F47975751B}.Release|Any CPU.ActiveCfg = Release|Any CPU
		{2FDDD78D-3A8B-4E17-A053-65F47975751B}.Release|Any CPU.Build.0 = Release|Any CPU
	EndGlobalSection
	GlobalSection(SolutionProperties) = preSolution
		HideSolutionNode = FALSE
	EndGlobalSection
	GlobalSection(ExtensibilityGlobals) = postSolution
		SolutionGuid = {6EEA704A-0271-4F1A-86F8-51404E9470EE}
	EndGlobalSection
EndGlobal
